
Microsoft Visual Studio Solution File, Format Version 12.00
# Visual Studio 15
VisualStudioVersion = 15.0.27703.2018
MinimumVisualStudioVersion = 10.0.40219.1
Project("{FAE04EC0-301F-11D3-BF4B-00C04F79EFBC}") = "DynamicCompanyMorale", "DynamicCompanyMorale\DynamicCompanyMorale.csproj", "{D1A7CE5D-6906-48E2-967B-5B735CA8860E}"
EndProject
Global
	GlobalSection(SolutionConfigurationPlatforms) = preSolution
		Debug|Any CPU = Debug|Any CPU
		Release|Any CPU = Release|Any CPU
	EndGlobalSection
	GlobalSection(ProjectConfigurationPlatforms) = postSolution
		{D1A7CE5D-6906-48E2-967B-5B735CA8860E}.Debug|Any CPU.ActiveCfg = Debug|Any CPU
		{D1A7CE5D-6906-48E2-967B-5B735CA8860E}.Debug|Any CPU.Build.0 = Debug|Any CPU
		{D1A7CE5D-6906-48E2-967B-5B735CA8860E}.Release|Any CPU.ActiveCfg = Release|Any CPU
		{D1A7CE5D-6906-48E2-967B-5B735CA8860E}.Release|Any CPU.Build.0 = Release|Any CPU
	EndGlobalSection
	GlobalSection(SolutionProperties) = preSolution
		HideSolutionNode = FALSE
	EndGlobalSection
	GlobalSection(ExtensibilityGlobals) = postSolution
		SolutionGuid = {9DD660E2-5851-46D5-AFE3-EA54782910EC}
	EndGlobalSection
EndGlobal
